// !$*UTF8*$!
{
	archiveVersion = 1;
	classes = {
	};
	objectVersion = 46;
	objects = {

/* Begin PBXBuildFile section */
		A5A77CFA18DDCDE1001984E5 /* MHHomeViewController.m in Sources */ = {isa = PBXBuildFile; fileRef = A5A77CF818DDCDE1001984E5 /* MHHomeViewController.m */; };
		A5A77CFB18DDCDE1001984E5 /* MHHomeViewController.xib in Resources */ = {isa = PBXBuildFile; fileRef = A5A77CF918DDCDE1001984E5 /* MHHomeViewController.xib */; };
		A5A77CFF18DDCF34001984E5 /* MHSemiDonut.m in Sources */ = {isa = PBXBuildFile; fileRef = A5A77CFE18DDCF34001984E5 /* MHSemiDonut.m */; };
		A5A77D0518DDD952001984E5 /* meter_box_negative.png in Resources */ = {isa = PBXBuildFile; fileRef = A5A77D0118DDD952001984E5 /* meter_box_negative.png */; };
		A5A77D0618DDD952001984E5 /* meter_box_negative@2x.png in Resources */ = {isa = PBXBuildFile; fileRef = A5A77D0218DDD952001984E5 /* meter_box_negative@2x.png */; };
		A5A77D0718DDD952001984E5 /* meter_section.png in Resources */ = {isa = PBXBuildFile; fileRef = A5A77D0318DDD952001984E5 /* meter_section.png */; };
		A5A77D0818DDD952001984E5 /* meter_section@2x.png in Resources */ = {isa = PBXBuildFile; fileRef = A5A77D0418DDD952001984E5 /* meter_section@2x.png */; };
		A5A77D0D18DDE90E001984E5 /* alert_1.png in Resources */ = {isa = PBXBuildFile; fileRef = A5A77D0918DDE90E001984E5 /* alert_1.png */; };
		A5A77D0E18DDE90E001984E5 /* alert_1@2x.png in Resources */ = {isa = PBXBuildFile; fileRef = A5A77D0A18DDE90E001984E5 /* alert_1@2x.png */; };
		A5A77D0F18DDE90E001984E5 /* alert_2.png in Resources */ = {isa = PBXBuildFile; fileRef = A5A77D0B18DDE90E001984E5 /* alert_2.png */; };
		A5A77D1018DDE90E001984E5 /* alert_2@2x.png in Resources */ = {isa = PBXBuildFile; fileRef = A5A77D0C18DDE90E001984E5 /* alert_2@2x.png */; };
		A5A77D1518DDEA8D001984E5 /* button_flip_left.png in Resources */ = {isa = PBXBuildFile; fileRef = A5A77D1118DDEA8D001984E5 /* button_flip_left.png */; };
		A5A77D1618DDEA8D001984E5 /* button_flip_left@2x.png in Resources */ = {isa = PBXBuildFile; fileRef = A5A77D1218DDEA8D001984E5 /* button_flip_left@2x.png */; };
		A5A77D1718DDEA8D001984E5 /* meter_arrow.png in Resources */ = {isa = PBXBuildFile; fileRef = A5A77D1318DDEA8D001984E5 /* meter_arrow.png */; };
		A5A77D1818DDEA8D001984E5 /* meter_arrow@2x.png in Resources */ = {isa = PBXBuildFile; fileRef = A5A77D1418DDEA8D001984E5 /* meter_arrow@2x.png */; };
		C9A9D30718DDEE040010B5F3 /* MHFlightViewController.m in Sources */ = {isa = PBXBuildFile; fileRef = C9A9D30518DDEE040010B5F3 /* MHFlightViewController.m */; };
		C9A9D30818DDEE040010B5F3 /* MHFlightViewController.xib in Resources */ = {isa = PBXBuildFile; fileRef = C9A9D30618DDEE040010B5F3 /* MHFlightViewController.xib */; };
		C9A9D30C18DDEF0D0010B5F3 /* flight_screen@2x.png in Resources */ = {isa = PBXBuildFile; fileRef = C9A9D30B18DDEF0D0010B5F3 /* flight_screen@2x.png */; };
		A5A77D2E18DDF13A001984E5 /* tab_dashboard.png in Resources */ = {isa = PBXBuildFile; fileRef = A5A77D1A18DDF13A001984E5 /* tab_dashboard.png */; };
		A5A77D2F18DDF13A001984E5 /* tab_dashboard@2x.png in Resources */ = {isa = PBXBuildFile; fileRef = A5A77D1B18DDF13A001984E5 /* tab_dashboard@2x.png */; };
		A5A77D3018DDF13A001984E5 /* tab_dashboard_selected.png in Resources */ = {isa = PBXBuildFile; fileRef = A5A77D1C18DDF13A001984E5 /* tab_dashboard_selected.png */; };
		A5A77D3118DDF13A001984E5 /* tab_dashboard_selected@2x.png in Resources */ = {isa = PBXBuildFile; fileRef = A5A77D1D18DDF13A001984E5 /* tab_dashboard_selected@2x.png */; };
		A5A77D3218DDF13A001984E5 /* tab_location.png in Resources */ = {isa = PBXBuildFile; fileRef = A5A77D1E18DDF13A001984E5 /* tab_location.png */; };
		A5A77D3318DDF13A001984E5 /* tab_location@2x.png in Resources */ = {isa = PBXBuildFile; fileRef = A5A77D1F18DDF13A001984E5 /* tab_location@2x.png */; };
		A5A77D3418DDF13A001984E5 /* tab_location_selected.png in Resources */ = {isa = PBXBuildFile; fileRef = A5A77D2018DDF13A001984E5 /* tab_location_selected.png */; };
		A5A77D3518DDF13A001984E5 /* tab_location_selected@2x.png in Resources */ = {isa = PBXBuildFile; fileRef = A5A77D2118DDF13A001984E5 /* tab_location_selected@2x.png */; };
		A5A77D3618DDF13A001984E5 /* tab_plane.png in Resources */ = {isa = PBXBuildFile; fileRef = A5A77D2218DDF13A001984E5 /* tab_plane.png */; };
		A5A77D3718DDF13A001984E5 /* tab_plane@2x.png in Resources */ = {isa = PBXBuildFile; fileRef = A5A77D2318DDF13A001984E5 /* tab_plane@2x.png */; };
		A5A77D3818DDF13A001984E5 /* tab_plane_selected.png in Resources */ = {isa = PBXBuildFile; fileRef = A5A77D2418DDF13A001984E5 /* tab_plane_selected.png */; };
		A5A77D3918DDF13A001984E5 /* tab_plane_selected@2x.png in Resources */ = {isa = PBXBuildFile; fileRef = A5A77D2518DDF13A001984E5 /* tab_plane_selected@2x.png */; };
		A5A77D3A18DDF13A001984E5 /* tab_sounds.png in Resources */ = {isa = PBXBuildFile; fileRef = A5A77D2618DDF13A001984E5 /* tab_sounds.png */; };
		A5A77D3B18DDF13A001984E5 /* tab_sounds@2x.png in Resources */ = {isa = PBXBuildFile; fileRef = A5A77D2718DDF13A001984E5 /* tab_sounds@2x.png */; };
		A5A77D3C18DDF13A001984E5 /* tab_sounds_selected.png in Resources */ = {isa = PBXBuildFile; fileRef = A5A77D2818DDF13A001984E5 /* tab_sounds_selected.png */; };
		A5A77D3D18DDF13A001984E5 /* tab_sounds_selected@2x.png in Resources */ = {isa = PBXBuildFile; fileRef = A5A77D2918DDF13A001984E5 /* tab_sounds_selected@2x.png */; };
		A5A77D3E18DDF13A001984E5 /* tab_tip.png in Resources */ = {isa = PBXBuildFile; fileRef = A5A77D2A18DDF13A001984E5 /* tab_tip.png */; };
		A5A77D3F18DDF13A001984E5 /* tab_tip@2x.png in Resources */ = {isa = PBXBuildFile; fileRef = A5A77D2B18DDF13A001984E5 /* tab_tip@2x.png */; };
		A5A77D4018DDF13A001984E5 /* tab_tip_selected.png in Resources */ = {isa = PBXBuildFile; fileRef = A5A77D2C18DDF13A001984E5 /* tab_tip_selected.png */; };
		A5A77D4118DDF13A001984E5 /* tab_tip_selected@2x.png in Resources */ = {isa = PBXBuildFile; fileRef = A5A77D2D18DDF13A001984E5 /* tab_tip_selected@2x.png */; };
		A5A77D4D18DDF43D001984E5 /* ProximaNova-Black.otf in Resources */ = {isa = PBXBuildFile; fileRef = A5A77D4318DDF43D001984E5 /* ProximaNova-Black.otf */; };
		A5A77D4E18DDF43D001984E5 /* ProximaNova-BoldIt.otf in Resources */ = {isa = PBXBuildFile; fileRef = A5A77D4418DDF43D001984E5 /* ProximaNova-BoldIt.otf */; };
		A5A77D4F18DDF43D001984E5 /* ProximaNova-Extrabold.otf in Resources */ = {isa = PBXBuildFile; fileRef = A5A77D4518DDF43D001984E5 /* ProximaNova-Extrabold.otf */; };
		A5A77D5018DDF43D001984E5 /* ProximaNova-Light.otf in Resources */ = {isa = PBXBuildFile; fileRef = A5A77D4618DDF43D001984E5 /* ProximaNova-Light.otf */; };
		A5A77D5118DDF43D001984E5 /* ProximaNova-LightItalic.otf in Resources */ = {isa = PBXBuildFile; fileRef = A5A77D4718DDF43D001984E5 /* ProximaNova-LightItalic.otf */; };
		A5A77D5218DDF43D001984E5 /* ProximaNova-RegItalic.otf in Resources */ = {isa = PBXBuildFile; fileRef = A5A77D4818DDF43D001984E5 /* ProximaNova-RegItalic.otf */; };
		A5A77D5318DDF43D001984E5 /* ProximaNova-Regular.otf in Resources */ = {isa = PBXBuildFile; fileRef = A5A77D4918DDF43D001984E5 /* ProximaNova-Regular.otf */; };
		A5A77D5418DDF43D001984E5 /* ProximaNovaCond-Light.otf in Resources */ = {isa = PBXBuildFile; fileRef = A5A77D4A18DDF43D001984E5 /* ProximaNovaCond-Light.otf */; };
		A5A77D5518DDF43D001984E5 /* ProximaNovaCond-RegularIt.otf in Resources */ = {isa = PBXBuildFile; fileRef = A5A77D4B18DDF43D001984E5 /* ProximaNovaCond-RegularIt.otf */; };
		A5A77D5618DDF43D001984E5 /* ProximaNovaCond-SemiboldIt.otf in Resources */ = {isa = PBXBuildFile; fileRef = A5A77D4C18DDF43D001984E5 /* ProximaNovaCond-SemiboldIt.otf */; };
		C9E11F7218DDCB2A006AA9F8 /* Foundation.framework in Frameworks */ = {isa = PBXBuildFile; fileRef = C9E11F7118DDCB2A006AA9F8 /* Foundation.framework */; };
		C9E11F7418DDCB2A006AA9F8 /* CoreGraphics.framework in Frameworks */ = {isa = PBXBuildFile; fileRef = C9E11F7318DDCB2A006AA9F8 /* CoreGraphics.framework */; };
		C9E11F7618DDCB2B006AA9F8 /* UIKit.framework in Frameworks */ = {isa = PBXBuildFile; fileRef = C9E11F7518DDCB2B006AA9F8 /* UIKit.framework */; };
		C9E11F7C18DDCB2B006AA9F8 /* InfoPlist.strings in Resources */ = {isa = PBXBuildFile; fileRef = C9E11F7A18DDCB2B006AA9F8 /* InfoPlist.strings */; };
		C9E11F7E18DDCB2B006AA9F8 /* main.m in Sources */ = {isa = PBXBuildFile; fileRef = C9E11F7D18DDCB2B006AA9F8 /* main.m */; };
		C9E11F8218DDCB2B006AA9F8 /* MHAppDelegate.m in Sources */ = {isa = PBXBuildFile; fileRef = C9E11F8118DDCB2B006AA9F8 /* MHAppDelegate.m */; };
		C9E11F8A18DDCB2B006AA9F8 /* Images.xcassets in Resources */ = {isa = PBXBuildFile; fileRef = C9E11F8918DDCB2B006AA9F8 /* Images.xcassets */; };
		C9E11F9118DDCB2B006AA9F8 /* XCTest.framework in Frameworks */ = {isa = PBXBuildFile; fileRef = C9E11F9018DDCB2B006AA9F8 /* XCTest.framework */; };
		C9E11F9218DDCB2B006AA9F8 /* Foundation.framework in Frameworks */ = {isa = PBXBuildFile; fileRef = C9E11F7118DDCB2A006AA9F8 /* Foundation.framework */; };
		C9E11F9318DDCB2B006AA9F8 /* UIKit.framework in Frameworks */ = {isa = PBXBuildFile; fileRef = C9E11F7518DDCB2B006AA9F8 /* UIKit.framework */; };
		C9E11F9B18DDCB2B006AA9F8 /* InfoPlist.strings in Resources */ = {isa = PBXBuildFile; fileRef = C9E11F9918DDCB2B006AA9F8 /* InfoPlist.strings */; };
		C9E11F9D18DDCB2B006AA9F8 /* MashHackTests.m in Sources */ = {isa = PBXBuildFile; fileRef = C9E11F9C18DDCB2B006AA9F8 /* MashHackTests.m */; };
		C9E11FAA18DDCC72006AA9F8 /* CoreMotion.framework in Frameworks */ = {isa = PBXBuildFile; fileRef = C9E11FA918DDCC72006AA9F8 /* CoreMotion.framework */; };
		C9E11FAD18DDCD4C006AA9F8 /* MHTurbulenceMeter.m in Sources */ = {isa = PBXBuildFile; fileRef = C9E11FAC18DDCD4C006AA9F8 /* MHTurbulenceMeter.m */; };
/* End PBXBuildFile section */

/* Begin PBXContainerItemProxy section */
		C9E11F9418DDCB2B006AA9F8 /* PBXContainerItemProxy */ = {
			isa = PBXContainerItemProxy;
			containerPortal = C9E11F6618DDCB2A006AA9F8 /* Project object */;
			proxyType = 1;
			remoteGlobalIDString = C9E11F6D18DDCB2A006AA9F8;
			remoteInfo = MashHack;
		};
/* End PBXContainerItemProxy section */

/* Begin PBXFileReference section */
		A5A77CF718DDCDE1001984E5 /* MHHomeViewController.h */ = {isa = PBXFileReference; fileEncoding = 4; lastKnownFileType = sourcecode.c.h; name = MHHomeViewController.h; path = ViewControllers/MHHomeViewController.h; sourceTree = "<group>"; };
		A5A77CF818DDCDE1001984E5 /* MHHomeViewController.m */ = {isa = PBXFileReference; fileEncoding = 4; lastKnownFileType = sourcecode.c.objc; name = MHHomeViewController.m; path = ViewControllers/MHHomeViewController.m; sourceTree = "<group>"; };
		A5A77CF918DDCDE1001984E5 /* MHHomeViewController.xib */ = {isa = PBXFileReference; fileEncoding = 4; lastKnownFileType = file.xib; name = MHHomeViewController.xib; path = ViewControllers/MHHomeViewController.xib; sourceTree = "<group>"; };
		A5A77CFD18DDCF34001984E5 /* MHSemiDonut.h */ = {isa = PBXFileReference; fileEncoding = 4; lastKnownFileType = sourcecode.c.h; name = MHSemiDonut.h; path = Views/MHSemiDonut.h; sourceTree = "<group>"; };
		A5A77CFE18DDCF34001984E5 /* MHSemiDonut.m */ = {isa = PBXFileReference; fileEncoding = 4; lastKnownFileType = sourcecode.c.objc; name = MHSemiDonut.m; path = Views/MHSemiDonut.m; sourceTree = "<group>"; };
		A5A77D0118DDD952001984E5 /* meter_box_negative.png */ = {isa = PBXFileReference; lastKnownFileType = image.png; path = meter_box_negative.png; sourceTree = "<group>"; };
		A5A77D0218DDD952001984E5 /* meter_box_negative@2x.png */ = {isa = PBXFileReference; lastKnownFileType = image.png; path = "meter_box_negative@2x.png"; sourceTree = "<group>"; };
		A5A77D0318DDD952001984E5 /* meter_section.png */ = {isa = PBXFileReference; lastKnownFileType = image.png; path = meter_section.png; sourceTree = "<group>"; };
		A5A77D0418DDD952001984E5 /* meter_section@2x.png */ = {isa = PBXFileReference; lastKnownFileType = image.png; path = "meter_section@2x.png"; sourceTree = "<group>"; };
		A5A77D0918DDE90E001984E5 /* alert_1.png */ = {isa = PBXFileReference; lastKnownFileType = image.png; path = alert_1.png; sourceTree = "<group>"; };
		A5A77D0A18DDE90E001984E5 /* alert_1@2x.png */ = {isa = PBXFileReference; lastKnownFileType = image.png; path = "alert_1@2x.png"; sourceTree = "<group>"; };
		A5A77D0B18DDE90E001984E5 /* alert_2.png */ = {isa = PBXFileReference; lastKnownFileType = image.png; path = alert_2.png; sourceTree = "<group>"; };
		A5A77D0C18DDE90E001984E5 /* alert_2@2x.png */ = {isa = PBXFileReference; lastKnownFileType = image.png; path = "alert_2@2x.png"; sourceTree = "<group>"; };
		A5A77D1118DDEA8D001984E5 /* button_flip_left.png */ = {isa = PBXFileReference; lastKnownFileType = image.png; path = button_flip_left.png; sourceTree = "<group>"; };
		A5A77D1218DDEA8D001984E5 /* button_flip_left@2x.png */ = {isa = PBXFileReference; lastKnownFileType = image.png; path = "button_flip_left@2x.png"; sourceTree = "<group>"; };
		A5A77D1318DDEA8D001984E5 /* meter_arrow.png */ = {isa = PBXFileReference; lastKnownFileType = image.png; path = meter_arrow.png; sourceTree = "<group>"; };
		A5A77D1418DDEA8D001984E5 /* meter_arrow@2x.png */ = {isa = PBXFileReference; lastKnownFileType = image.png; path = "meter_arrow@2x.png"; sourceTree = "<group>"; };
		C9A9D30418DDEE040010B5F3 /* MHFlightViewController.h */ = {isa = PBXFileReference; fileEncoding = 4; lastKnownFileType = sourcecode.c.h; name = MHFlightViewController.h; path = ViewControllers/MHFlightViewController.h; sourceTree = "<group>"; };
		C9A9D30518DDEE040010B5F3 /* MHFlightViewController.m */ = {isa = PBXFileReference; fileEncoding = 4; lastKnownFileType = sourcecode.c.objc; name = MHFlightViewController.m; path = ViewControllers/MHFlightViewController.m; sourceTree = "<group>"; };
		C9A9D30618DDEE040010B5F3 /* MHFlightViewController.xib */ = {isa = PBXFileReference; fileEncoding = 4; lastKnownFileType = file.xib; name = MHFlightViewController.xib; path = ViewControllers/MHFlightViewController.xib; sourceTree = "<group>"; };
		C9A9D30B18DDEF0D0010B5F3 /* flight_screen@2x.png */ = {isa = PBXFileReference; lastKnownFileType = image.png; path = "flight_screen@2x.png"; sourceTree = "<group>"; };
		A5A77D1A18DDF13A001984E5 /* tab_dashboard.png */ = {isa = PBXFileReference; lastKnownFileType = image.png; path = tab_dashboard.png; sourceTree = "<group>"; };
		A5A77D1B18DDF13A001984E5 /* tab_dashboard@2x.png */ = {isa = PBXFileReference; lastKnownFileType = image.png; path = "tab_dashboard@2x.png"; sourceTree = "<group>"; };
		A5A77D1C18DDF13A001984E5 /* tab_dashboard_selected.png */ = {isa = PBXFileReference; lastKnownFileType = image.png; path = tab_dashboard_selected.png; sourceTree = "<group>"; };
		A5A77D1D18DDF13A001984E5 /* tab_dashboard_selected@2x.png */ = {isa = PBXFileReference; lastKnownFileType = image.png; path = "tab_dashboard_selected@2x.png"; sourceTree = "<group>"; };
		A5A77D1E18DDF13A001984E5 /* tab_location.png */ = {isa = PBXFileReference; lastKnownFileType = image.png; path = tab_location.png; sourceTree = "<group>"; };
		A5A77D1F18DDF13A001984E5 /* tab_location@2x.png */ = {isa = PBXFileReference; lastKnownFileType = image.png; path = "tab_location@2x.png"; sourceTree = "<group>"; };
		A5A77D2018DDF13A001984E5 /* tab_location_selected.png */ = {isa = PBXFileReference; lastKnownFileType = image.png; path = tab_location_selected.png; sourceTree = "<group>"; };
		A5A77D2118DDF13A001984E5 /* tab_location_selected@2x.png */ = {isa = PBXFileReference; lastKnownFileType = image.png; path = "tab_location_selected@2x.png"; sourceTree = "<group>"; };
		A5A77D2218DDF13A001984E5 /* tab_plane.png */ = {isa = PBXFileReference; lastKnownFileType = image.png; path = tab_plane.png; sourceTree = "<group>"; };
		A5A77D2318DDF13A001984E5 /* tab_plane@2x.png */ = {isa = PBXFileReference; lastKnownFileType = image.png; path = "tab_plane@2x.png"; sourceTree = "<group>"; };
		A5A77D2418DDF13A001984E5 /* tab_plane_selected.png */ = {isa = PBXFileReference; lastKnownFileType = image.png; path = tab_plane_selected.png; sourceTree = "<group>"; };
		A5A77D2518DDF13A001984E5 /* tab_plane_selected@2x.png */ = {isa = PBXFileReference; lastKnownFileType = image.png; path = "tab_plane_selected@2x.png"; sourceTree = "<group>"; };
		A5A77D2618DDF13A001984E5 /* tab_sounds.png */ = {isa = PBXFileReference; lastKnownFileType = image.png; path = tab_sounds.png; sourceTree = "<group>"; };
		A5A77D2718DDF13A001984E5 /* tab_sounds@2x.png */ = {isa = PBXFileReference; lastKnownFileType = image.png; path = "tab_sounds@2x.png"; sourceTree = "<group>"; };
		A5A77D2818DDF13A001984E5 /* tab_sounds_selected.png */ = {isa = PBXFileReference; lastKnownFileType = image.png; path = tab_sounds_selected.png; sourceTree = "<group>"; };
		A5A77D2918DDF13A001984E5 /* tab_sounds_selected@2x.png */ = {isa = PBXFileReference; lastKnownFileType = image.png; path = "tab_sounds_selected@2x.png"; sourceTree = "<group>"; };
		A5A77D2A18DDF13A001984E5 /* tab_tip.png */ = {isa = PBXFileReference; lastKnownFileType = image.png; path = tab_tip.png; sourceTree = "<group>"; };
		A5A77D2B18DDF13A001984E5 /* tab_tip@2x.png */ = {isa = PBXFileReference; lastKnownFileType = image.png; path = "tab_tip@2x.png"; sourceTree = "<group>"; };
		A5A77D2C18DDF13A001984E5 /* tab_tip_selected.png */ = {isa = PBXFileReference; lastKnownFileType = image.png; path = tab_tip_selected.png; sourceTree = "<group>"; };
		A5A77D2D18DDF13A001984E5 /* tab_tip_selected@2x.png */ = {isa = PBXFileReference; lastKnownFileType = image.png; path = "tab_tip_selected@2x.png"; sourceTree = "<group>"; };
		A5A77D4318DDF43D001984E5 /* ProximaNova-Black.otf */ = {isa = PBXFileReference; lastKnownFileType = file; path = "ProximaNova-Black.otf"; sourceTree = "<group>"; };
		A5A77D4418DDF43D001984E5 /* ProximaNova-BoldIt.otf */ = {isa = PBXFileReference; lastKnownFileType = file; path = "ProximaNova-BoldIt.otf"; sourceTree = "<group>"; };
		A5A77D4518DDF43D001984E5 /* ProximaNova-Extrabold.otf */ = {isa = PBXFileReference; lastKnownFileType = file; path = "ProximaNova-Extrabold.otf"; sourceTree = "<group>"; };
		A5A77D4618DDF43D001984E5 /* ProximaNova-Light.otf */ = {isa = PBXFileReference; lastKnownFileType = file; path = "ProximaNova-Light.otf"; sourceTree = "<group>"; };
		A5A77D4718DDF43D001984E5 /* ProximaNova-LightItalic.otf */ = {isa = PBXFileReference; lastKnownFileType = file; path = "ProximaNova-LightItalic.otf"; sourceTree = "<group>"; };
		A5A77D4818DDF43D001984E5 /* ProximaNova-RegItalic.otf */ = {isa = PBXFileReference; lastKnownFileType = file; path = "ProximaNova-RegItalic.otf"; sourceTree = "<group>"; };
		A5A77D4918DDF43D001984E5 /* ProximaNova-Regular.otf */ = {isa = PBXFileReference; lastKnownFileType = file; path = "ProximaNova-Regular.otf"; sourceTree = "<group>"; };
		A5A77D4A18DDF43D001984E5 /* ProximaNovaCond-Light.otf */ = {isa = PBXFileReference; lastKnownFileType = file; path = "ProximaNovaCond-Light.otf"; sourceTree = "<group>"; };
		A5A77D4B18DDF43D001984E5 /* ProximaNovaCond-RegularIt.otf */ = {isa = PBXFileReference; lastKnownFileType = file; path = "ProximaNovaCond-RegularIt.otf"; sourceTree = "<group>"; };
		A5A77D4C18DDF43D001984E5 /* ProximaNovaCond-SemiboldIt.otf */ = {isa = PBXFileReference; lastKnownFileType = file; path = "ProximaNovaCond-SemiboldIt.otf"; sourceTree = "<group>"; };
		C9E11F6E18DDCB2A006AA9F8 /* MashHack.app */ = {isa = PBXFileReference; explicitFileType = wrapper.application; includeInIndex = 0; path = MashHack.app; sourceTree = BUILT_PRODUCTS_DIR; };
		C9E11F7118DDCB2A006AA9F8 /* Foundation.framework */ = {isa = PBXFileReference; lastKnownFileType = wrapper.framework; name = Foundation.framework; path = System/Library/Frameworks/Foundation.framework; sourceTree = SDKROOT; };
		C9E11F7318DDCB2A006AA9F8 /* CoreGraphics.framework */ = {isa = PBXFileReference; lastKnownFileType = wrapper.framework; name = CoreGraphics.framework; path = System/Library/Frameworks/CoreGraphics.framework; sourceTree = SDKROOT; };
		C9E11F7518DDCB2B006AA9F8 /* UIKit.framework */ = {isa = PBXFileReference; lastKnownFileType = wrapper.framework; name = UIKit.framework; path = System/Library/Frameworks/UIKit.framework; sourceTree = SDKROOT; };
		C9E11F7918DDCB2B006AA9F8 /* MashHack-Info.plist */ = {isa = PBXFileReference; lastKnownFileType = text.plist.xml; path = "MashHack-Info.plist"; sourceTree = "<group>"; };
		C9E11F7B18DDCB2B006AA9F8 /* en */ = {isa = PBXFileReference; lastKnownFileType = text.plist.strings; name = en; path = en.lproj/InfoPlist.strings; sourceTree = "<group>"; };
		C9E11F7D18DDCB2B006AA9F8 /* main.m */ = {isa = PBXFileReference; lastKnownFileType = sourcecode.c.objc; path = main.m; sourceTree = "<group>"; };
		C9E11F7F18DDCB2B006AA9F8 /* MashHack-Prefix.pch */ = {isa = PBXFileReference; lastKnownFileType = sourcecode.c.h; path = "MashHack-Prefix.pch"; sourceTree = "<group>"; };
		C9E11F8018DDCB2B006AA9F8 /* MHAppDelegate.h */ = {isa = PBXFileReference; lastKnownFileType = sourcecode.c.h; path = MHAppDelegate.h; sourceTree = "<group>"; };
		C9E11F8118DDCB2B006AA9F8 /* MHAppDelegate.m */ = {isa = PBXFileReference; lastKnownFileType = sourcecode.c.objc; path = MHAppDelegate.m; sourceTree = "<group>"; };
		C9E11F8918DDCB2B006AA9F8 /* Images.xcassets */ = {isa = PBXFileReference; lastKnownFileType = folder.assetcatalog; path = Images.xcassets; sourceTree = "<group>"; };
		C9E11F8F18DDCB2B006AA9F8 /* MashHackTests.xctest */ = {isa = PBXFileReference; explicitFileType = wrapper.cfbundle; includeInIndex = 0; path = MashHackTests.xctest; sourceTree = BUILT_PRODUCTS_DIR; };
		C9E11F9018DDCB2B006AA9F8 /* XCTest.framework */ = {isa = PBXFileReference; lastKnownFileType = wrapper.framework; name = XCTest.framework; path = Library/Frameworks/XCTest.framework; sourceTree = DEVELOPER_DIR; };
		C9E11F9818DDCB2B006AA9F8 /* MashHackTests-Info.plist */ = {isa = PBXFileReference; lastKnownFileType = text.plist.xml; path = "MashHackTests-Info.plist"; sourceTree = "<group>"; };
		C9E11F9A18DDCB2B006AA9F8 /* en */ = {isa = PBXFileReference; lastKnownFileType = text.plist.strings; name = en; path = en.lproj/InfoPlist.strings; sourceTree = "<group>"; };
		C9E11F9C18DDCB2B006AA9F8 /* MashHackTests.m */ = {isa = PBXFileReference; lastKnownFileType = sourcecode.c.objc; path = MashHackTests.m; sourceTree = "<group>"; };
		C9E11FA918DDCC72006AA9F8 /* CoreMotion.framework */ = {isa = PBXFileReference; lastKnownFileType = wrapper.framework; name = CoreMotion.framework; path = System/Library/Frameworks/CoreMotion.framework; sourceTree = SDKROOT; };
		C9E11FAB18DDCD4C006AA9F8 /* MHTurbulenceMeter.h */ = {isa = PBXFileReference; fileEncoding = 4; lastKnownFileType = sourcecode.c.h; path = MHTurbulenceMeter.h; sourceTree = "<group>"; };
		C9E11FAC18DDCD4C006AA9F8 /* MHTurbulenceMeter.m */ = {isa = PBXFileReference; fileEncoding = 4; lastKnownFileType = sourcecode.c.objc; path = MHTurbulenceMeter.m; sourceTree = "<group>"; };
/* End PBXFileReference section */

/* Begin PBXFrameworksBuildPhase section */
		C9E11F6B18DDCB2A006AA9F8 /* Frameworks */ = {
			isa = PBXFrameworksBuildPhase;
			buildActionMask = 2147483647;
			files = (
				C9E11FAA18DDCC72006AA9F8 /* CoreMotion.framework in Frameworks */,
				C9E11F7418DDCB2A006AA9F8 /* CoreGraphics.framework in Frameworks */,
				C9E11F7618DDCB2B006AA9F8 /* UIKit.framework in Frameworks */,
				C9E11F7218DDCB2A006AA9F8 /* Foundation.framework in Frameworks */,
			);
			runOnlyForDeploymentPostprocessing = 0;
		};
		C9E11F8C18DDCB2B006AA9F8 /* Frameworks */ = {
			isa = PBXFrameworksBuildPhase;
			buildActionMask = 2147483647;
			files = (
				C9E11F9118DDCB2B006AA9F8 /* XCTest.framework in Frameworks */,
				C9E11F9318DDCB2B006AA9F8 /* UIKit.framework in Frameworks */,
				C9E11F9218DDCB2B006AA9F8 /* Foundation.framework in Frameworks */,
			);
			runOnlyForDeploymentPostprocessing = 0;
		};
/* End PBXFrameworksBuildPhase section */

/* Begin PBXGroup section */
		A5A77CF618DDCDC8001984E5 /* ViewControllers */ = {
			isa = PBXGroup;
			children = (
				A5A77CF718DDCDE1001984E5 /* MHHomeViewController.h */,
				A5A77CF818DDCDE1001984E5 /* MHHomeViewController.m */,
				A5A77CF918DDCDE1001984E5 /* MHHomeViewController.xib */,
				C9A9D30418DDEE040010B5F3 /* MHFlightViewController.h */,
				C9A9D30518DDEE040010B5F3 /* MHFlightViewController.m */,
				C9A9D30618DDEE040010B5F3 /* MHFlightViewController.xib */,
			);
			name = ViewControllers;
			sourceTree = "<group>";
		};
		A5A77CFC18DDCF0E001984E5 /* Views */ = {
			isa = PBXGroup;
			children = (
				A5A77CFD18DDCF34001984E5 /* MHSemiDonut.h */,
				A5A77CFE18DDCF34001984E5 /* MHSemiDonut.m */,
			);
			name = Views;
			sourceTree = "<group>";
		};
		A5A77D0018DDD952001984E5 /* Resources */ = {
			isa = PBXGroup;
			children = (
				A5A77D4218DDF43D001984E5 /* Fonts */,
				A5A77D1918DDF13A001984E5 /* TabBar */,
				A5A77D1118DDEA8D001984E5 /* button_flip_left.png */,
				A5A77D1218DDEA8D001984E5 /* button_flip_left@2x.png */,
				A5A77D1318DDEA8D001984E5 /* meter_arrow.png */,
				A5A77D1418DDEA8D001984E5 /* meter_arrow@2x.png */,
				A5A77D0918DDE90E001984E5 /* alert_1.png */,
				A5A77D0A18DDE90E001984E5 /* alert_1@2x.png */,
				A5A77D0B18DDE90E001984E5 /* alert_2.png */,
				A5A77D0C18DDE90E001984E5 /* alert_2@2x.png */,
				C9A9D30B18DDEF0D0010B5F3 /* flight_screen@2x.png */,
				A5A77D0118DDD952001984E5 /* meter_box_negative.png */,
				A5A77D0218DDD952001984E5 /* meter_box_negative@2x.png */,
				A5A77D0318DDD952001984E5 /* meter_section.png */,
				A5A77D0418DDD952001984E5 /* meter_section@2x.png */,
			);
			path = Resources;
			sourceTree = "<group>";
		};
		A5A77D1918DDF13A001984E5 /* TabBar */ = {
			isa = PBXGroup;
			children = (
				A5A77D1A18DDF13A001984E5 /* tab_dashboard.png */,
				A5A77D1B18DDF13A001984E5 /* tab_dashboard@2x.png */,
				A5A77D1C18DDF13A001984E5 /* tab_dashboard_selected.png */,
				A5A77D1D18DDF13A001984E5 /* tab_dashboard_selected@2x.png */,
				A5A77D1E18DDF13A001984E5 /* tab_location.png */,
				A5A77D1F18DDF13A001984E5 /* tab_location@2x.png */,
				A5A77D2018DDF13A001984E5 /* tab_location_selected.png */,
				A5A77D2118DDF13A001984E5 /* tab_location_selected@2x.png */,
				A5A77D2218DDF13A001984E5 /* tab_plane.png */,
				A5A77D2318DDF13A001984E5 /* tab_plane@2x.png */,
				A5A77D2418DDF13A001984E5 /* tab_plane_selected.png */,
				A5A77D2518DDF13A001984E5 /* tab_plane_selected@2x.png */,
				A5A77D2618DDF13A001984E5 /* tab_sounds.png */,
				A5A77D2718DDF13A001984E5 /* tab_sounds@2x.png */,
				A5A77D2818DDF13A001984E5 /* tab_sounds_selected.png */,
				A5A77D2918DDF13A001984E5 /* tab_sounds_selected@2x.png */,
				A5A77D2A18DDF13A001984E5 /* tab_tip.png */,
				A5A77D2B18DDF13A001984E5 /* tab_tip@2x.png */,
				A5A77D2C18DDF13A001984E5 /* tab_tip_selected.png */,
				A5A77D2D18DDF13A001984E5 /* tab_tip_selected@2x.png */,
			);
			path = TabBar;
			sourceTree = "<group>";
		};
		A5A77D4218DDF43D001984E5 /* Fonts */ = {
			isa = PBXGroup;
			children = (
				A5A77D4318DDF43D001984E5 /* ProximaNova-Black.otf */,
				A5A77D4418DDF43D001984E5 /* ProximaNova-BoldIt.otf */,
				A5A77D4518DDF43D001984E5 /* ProximaNova-Extrabold.otf */,
				A5A77D4618DDF43D001984E5 /* ProximaNova-Light.otf */,
				A5A77D4718DDF43D001984E5 /* ProximaNova-LightItalic.otf */,
				A5A77D4818DDF43D001984E5 /* ProximaNova-RegItalic.otf */,
				A5A77D4918DDF43D001984E5 /* ProximaNova-Regular.otf */,
				A5A77D4A18DDF43D001984E5 /* ProximaNovaCond-Light.otf */,
				A5A77D4B18DDF43D001984E5 /* ProximaNovaCond-RegularIt.otf */,
				A5A77D4C18DDF43D001984E5 /* ProximaNovaCond-SemiboldIt.otf */,
			);
			path = Fonts;
			sourceTree = "<group>";
		};
		C9E11F6518DDCB2A006AA9F8 = {
			isa = PBXGroup;
			children = (
				C9E11F7718DDCB2B006AA9F8 /* MashHack */,
				C9E11F9618DDCB2B006AA9F8 /* MashHackTests */,
				C9E11F7018DDCB2A006AA9F8 /* Frameworks */,
				C9E11F6F18DDCB2A006AA9F8 /* Products */,
			);
			sourceTree = "<group>";
		};
		C9E11F6F18DDCB2A006AA9F8 /* Products */ = {
			isa = PBXGroup;
			children = (
				C9E11F6E18DDCB2A006AA9F8 /* MashHack.app */,
				C9E11F8F18DDCB2B006AA9F8 /* MashHackTests.xctest */,
			);
			name = Products;
			sourceTree = "<group>";
		};
		C9E11F7018DDCB2A006AA9F8 /* Frameworks */ = {
			isa = PBXGroup;
			children = (
				C9E11FA918DDCC72006AA9F8 /* CoreMotion.framework */,
				C9E11F7118DDCB2A006AA9F8 /* Foundation.framework */,
				C9E11F7318DDCB2A006AA9F8 /* CoreGraphics.framework */,
				C9E11F7518DDCB2B006AA9F8 /* UIKit.framework */,
				C9E11F9018DDCB2B006AA9F8 /* XCTest.framework */,
			);
			name = Frameworks;
			sourceTree = "<group>";
		};
		C9E11F7718DDCB2B006AA9F8 /* MashHack */ = {
			isa = PBXGroup;
			children = (
				A5A77D0018DDD952001984E5 /* Resources */,
				A5A77CFC18DDCF0E001984E5 /* Views */,
				A5A77CF618DDCDC8001984E5 /* ViewControllers */,
				C9E11F8018DDCB2B006AA9F8 /* MHAppDelegate.h */,
				C9E11F8118DDCB2B006AA9F8 /* MHAppDelegate.m */,
				C9E11F8918DDCB2B006AA9F8 /* Images.xcassets */,
				C9E11F7818DDCB2B006AA9F8 /* Supporting Files */,
				C9E11FAB18DDCD4C006AA9F8 /* MHTurbulenceMeter.h */,
				C9E11FAC18DDCD4C006AA9F8 /* MHTurbulenceMeter.m */,
			);
			path = MashHack;
			sourceTree = "<group>";
		};
		C9E11F7818DDCB2B006AA9F8 /* Supporting Files */ = {
			isa = PBXGroup;
			children = (
				C9E11F7918DDCB2B006AA9F8 /* MashHack-Info.plist */,
				C9E11F7A18DDCB2B006AA9F8 /* InfoPlist.strings */,
				C9E11F7D18DDCB2B006AA9F8 /* main.m */,
				C9E11F7F18DDCB2B006AA9F8 /* MashHack-Prefix.pch */,
			);
			name = "Supporting Files";
			sourceTree = "<group>";
		};
		C9E11F9618DDCB2B006AA9F8 /* MashHackTests */ = {
			isa = PBXGroup;
			children = (
				C9E11F9C18DDCB2B006AA9F8 /* MashHackTests.m */,
				C9E11F9718DDCB2B006AA9F8 /* Supporting Files */,
			);
			path = MashHackTests;
			sourceTree = "<group>";
		};
		C9E11F9718DDCB2B006AA9F8 /* Supporting Files */ = {
			isa = PBXGroup;
			children = (
				C9E11F9818DDCB2B006AA9F8 /* MashHackTests-Info.plist */,
				C9E11F9918DDCB2B006AA9F8 /* InfoPlist.strings */,
			);
			name = "Supporting Files";
			sourceTree = "<group>";
		};
/* End PBXGroup section */

/* Begin PBXNativeTarget section */
		C9E11F6D18DDCB2A006AA9F8 /* MashHack */ = {
			isa = PBXNativeTarget;
			buildConfigurationList = C9E11FA018DDCB2B006AA9F8 /* Build configuration list for PBXNativeTarget "MashHack" */;
			buildPhases = (
				C9E11F6A18DDCB2A006AA9F8 /* Sources */,
				C9E11F6B18DDCB2A006AA9F8 /* Frameworks */,
				C9E11F6C18DDCB2A006AA9F8 /* Resources */,
			);
			buildRules = (
			);
			dependencies = (
			);
			name = MashHack;
			productName = MashHack;
			productReference = C9E11F6E18DDCB2A006AA9F8 /* MashHack.app */;
			productType = "com.apple.product-type.application";
		};
		C9E11F8E18DDCB2B006AA9F8 /* MashHackTests */ = {
			isa = PBXNativeTarget;
			buildConfigurationList = C9E11FA318DDCB2B006AA9F8 /* Build configuration list for PBXNativeTarget "MashHackTests" */;
			buildPhases = (
				C9E11F8B18DDCB2B006AA9F8 /* Sources */,
				C9E11F8C18DDCB2B006AA9F8 /* Frameworks */,
				C9E11F8D18DDCB2B006AA9F8 /* Resources */,
			);
			buildRules = (
			);
			dependencies = (
				C9E11F9518DDCB2B006AA9F8 /* PBXTargetDependency */,
			);
			name = MashHackTests;
			productName = MashHackTests;
			productReference = C9E11F8F18DDCB2B006AA9F8 /* MashHackTests.xctest */;
			productType = "com.apple.product-type.bundle.unit-test";
		};
/* End PBXNativeTarget section */

/* Begin PBXProject section */
		C9E11F6618DDCB2A006AA9F8 /* Project object */ = {
			isa = PBXProject;
			attributes = {
				CLASSPREFIX = MH;
				LastUpgradeCheck = 0510;
				ORGANIZATIONNAME = Intrepid;
				TargetAttributes = {
					C9E11F8E18DDCB2B006AA9F8 = {
						TestTargetID = C9E11F6D18DDCB2A006AA9F8;
					};
				};
			};
			buildConfigurationList = C9E11F6918DDCB2A006AA9F8 /* Build configuration list for PBXProject "MashHack" */;
			compatibilityVersion = "Xcode 3.2";
			developmentRegion = English;
			hasScannedForEncodings = 0;
			knownRegions = (
				en,
				Base,
			);
			mainGroup = C9E11F6518DDCB2A006AA9F8;
			productRefGroup = C9E11F6F18DDCB2A006AA9F8 /* Products */;
			projectDirPath = "";
			projectRoot = "";
			targets = (
				C9E11F6D18DDCB2A006AA9F8 /* MashHack */,
				C9E11F8E18DDCB2B006AA9F8 /* MashHackTests */,
			);
		};
/* End PBXProject section */

/* Begin PBXResourcesBuildPhase section */
		C9E11F6C18DDCB2A006AA9F8 /* Resources */ = {
			isa = PBXResourcesBuildPhase;
			buildActionMask = 2147483647;
			files = (
				A5A77D3D18DDF13A001984E5 /* tab_sounds_selected@2x.png in Resources */,
				A5A77D5618DDF43D001984E5 /* ProximaNovaCond-SemiboldIt.otf in Resources */,
				A5A77D3E18DDF13A001984E5 /* tab_tip.png in Resources */,
				A5A77D1618DDEA8D001984E5 /* button_flip_left@2x.png in Resources */,
				A5A77D1018DDE90E001984E5 /* alert_2@2x.png in Resources */,
				C9A9D30C18DDEF0D0010B5F3 /* flight_screen@2x.png in Resources */,
				A5A77D2E18DDF13A001984E5 /* tab_dashboard.png in Resources */,
				A5A77D0518DDD952001984E5 /* meter_box_negative.png in Resources */,
				A5A77D4118DDF13A001984E5 /* tab_tip_selected@2x.png in Resources */,
				A5A77D3918DDF13A001984E5 /* tab_plane_selected@2x.png in Resources */,
				C9E11F8A18DDCB2B006AA9F8 /* Images.xcassets in Resources */,
				A5A77D5118DDF43D001984E5 /* ProximaNova-LightItalic.otf in Resources */,
				A5A77D4018DDF13A001984E5 /* tab_tip_selected.png in Resources */,
				A5A77D1518DDEA8D001984E5 /* button_flip_left.png in Resources */,
				A5A77D2F18DDF13A001984E5 /* tab_dashboard@2x.png in Resources */,
				A5A77D1718DDEA8D001984E5 /* meter_arrow.png in Resources */,
				A5A77D5418DDF43D001984E5 /* ProximaNovaCond-Light.otf in Resources */,
				A5A77D1818DDEA8D001984E5 /* meter_arrow@2x.png in Resources */,
				A5A77D4F18DDF43D001984E5 /* ProximaNova-Extrabold.otf in Resources */,
				A5A77D3718DDF13A001984E5 /* tab_plane@2x.png in Resources */,
				A5A77CFB18DDCDE1001984E5 /* MHHomeViewController.xib in Resources */,
				A5A77D0F18DDE90E001984E5 /* alert_2.png in Resources */,
				A5A77D5518DDF43D001984E5 /* ProximaNovaCond-RegularIt.otf in Resources */,
				A5A77D3518DDF13A001984E5 /* tab_location_selected@2x.png in Resources */,
				A5A77D3418DDF13A001984E5 /* tab_location_selected.png in Resources */,
				A5A77D3018DDF13A001984E5 /* tab_dashboard_selected.png in Resources */,
				A5A77D4E18DDF43D001984E5 /* ProximaNova-BoldIt.otf in Resources */,
				A5A77D3B18DDF13A001984E5 /* tab_sounds@2x.png in Resources */,
				A5A77D0E18DDE90E001984E5 /* alert_1@2x.png in Resources */,
				A5A77D3118DDF13A001984E5 /* tab_dashboard_selected@2x.png in Resources */,
				A5A77D3318DDF13A001984E5 /* tab_location@2x.png in Resources */,
				A5A77D3C18DDF13A001984E5 /* tab_sounds_selected.png in Resources */,
				A5A77D3218DDF13A001984E5 /* tab_location.png in Resources */,
				A5A77D5318DDF43D001984E5 /* ProximaNova-Regular.otf in Resources */,
				A5A77D4D18DDF43D001984E5 /* ProximaNova-Black.otf in Resources */,
				A5A77D5018DDF43D001984E5 /* ProximaNova-Light.otf in Resources */,
				A5A77D0818DDD952001984E5 /* meter_section@2x.png in Resources */,
				C9E11F7C18DDCB2B006AA9F8 /* InfoPlist.strings in Resources */,
				C9A9D30818DDEE040010B5F3 /* MHFlightViewController.xib in Resources */,
				A5A77D3818DDF13A001984E5 /* tab_plane_selected.png in Resources */,
				A5A77D0618DDD952001984E5 /* meter_box_negative@2x.png in Resources */,
				A5A77D0D18DDE90E001984E5 /* alert_1.png in Resources */,
				A5A77D3618DDF13A001984E5 /* tab_plane.png in Resources */,
				A5A77D3F18DDF13A001984E5 /* tab_tip@2x.png in Resources */,
				A5A77D0718DDD952001984E5 /* meter_section.png in Resources */,
				A5A77D5218DDF43D001984E5 /* ProximaNova-RegItalic.otf in Resources */,
				A5A77D3A18DDF13A001984E5 /* tab_sounds.png in Resources */,
			);
			runOnlyForDeploymentPostprocessing = 0;
		};
		C9E11F8D18DDCB2B006AA9F8 /* Resources */ = {
			isa = PBXResourcesBuildPhase;
			buildActionMask = 2147483647;
			files = (
				C9E11F9B18DDCB2B006AA9F8 /* InfoPlist.strings in Resources */,
			);
			runOnlyForDeploymentPostprocessing = 0;
		};
/* End PBXResourcesBuildPhase section */

/* Begin PBXSourcesBuildPhase section */
		C9E11F6A18DDCB2A006AA9F8 /* Sources */ = {
			isa = PBXSourcesBuildPhase;
			buildActionMask = 2147483647;
			files = (
				C9E11F7E18DDCB2B006AA9F8 /* main.m in Sources */,
				C9A9D30718DDEE040010B5F3 /* MHFlightViewController.m in Sources */,
				C9E11FAD18DDCD4C006AA9F8 /* MHTurbulenceMeter.m in Sources */,
				A5A77CFF18DDCF34001984E5 /* MHSemiDonut.m in Sources */,
				C9E11F8218DDCB2B006AA9F8 /* MHAppDelegate.m in Sources */,
				A5A77CFA18DDCDE1001984E5 /* MHHomeViewController.m in Sources */,
			);
			runOnlyForDeploymentPostprocessing = 0;
		};
		C9E11F8B18DDCB2B006AA9F8 /* Sources */ = {
			isa = PBXSourcesBuildPhase;
			buildActionMask = 2147483647;
			files = (
				C9E11F9D18DDCB2B006AA9F8 /* MashHackTests.m in Sources */,
			);
			runOnlyForDeploymentPostprocessing = 0;
		};
/* End PBXSourcesBuildPhase section */

/* Begin PBXTargetDependency section */
		C9E11F9518DDCB2B006AA9F8 /* PBXTargetDependency */ = {
			isa = PBXTargetDependency;
			target = C9E11F6D18DDCB2A006AA9F8 /* MashHack */;
			targetProxy = C9E11F9418DDCB2B006AA9F8 /* PBXContainerItemProxy */;
		};
/* End PBXTargetDependency section */

/* Begin PBXVariantGroup section */
		C9E11F7A18DDCB2B006AA9F8 /* InfoPlist.strings */ = {
			isa = PBXVariantGroup;
			children = (
				C9E11F7B18DDCB2B006AA9F8 /* en */,
			);
			name = InfoPlist.strings;
			sourceTree = "<group>";
		};
		C9E11F9918DDCB2B006AA9F8 /* InfoPlist.strings */ = {
			isa = PBXVariantGroup;
			children = (
				C9E11F9A18DDCB2B006AA9F8 /* en */,
			);
			name = InfoPlist.strings;
			sourceTree = "<group>";
		};
/* End PBXVariantGroup section */

/* Begin XCBuildConfiguration section */
		C9E11F9E18DDCB2B006AA9F8 /* Debug */ = {
			isa = XCBuildConfiguration;
			buildSettings = {
				ALWAYS_SEARCH_USER_PATHS = NO;
				CLANG_CXX_LANGUAGE_STANDARD = "gnu++0x";
				CLANG_CXX_LIBRARY = "libc++";
				CLANG_ENABLE_MODULES = YES;
				CLANG_ENABLE_OBJC_ARC = YES;
				CLANG_WARN_BOOL_CONVERSION = YES;
				CLANG_WARN_CONSTANT_CONVERSION = YES;
				CLANG_WARN_DIRECT_OBJC_ISA_USAGE = YES_ERROR;
				CLANG_WARN_EMPTY_BODY = YES;
				CLANG_WARN_ENUM_CONVERSION = YES;
				CLANG_WARN_INT_CONVERSION = YES;
				CLANG_WARN_OBJC_ROOT_CLASS = YES_ERROR;
				CLANG_WARN__DUPLICATE_METHOD_MATCH = YES;
				"CODE_SIGN_IDENTITY[sdk=iphoneos*]" = "iPhone Developer";
				COPY_PHASE_STRIP = NO;
				GCC_C_LANGUAGE_STANDARD = gnu99;
				GCC_DYNAMIC_NO_PIC = NO;
				GCC_OPTIMIZATION_LEVEL = 0;
				GCC_PREPROCESSOR_DEFINITIONS = (
					"DEBUG=1",
					"$(inherited)",
				);
				GCC_SYMBOLS_PRIVATE_EXTERN = NO;
				GCC_WARN_64_TO_32_BIT_CONVERSION = YES;
				GCC_WARN_ABOUT_RETURN_TYPE = YES_ERROR;
				GCC_WARN_UNDECLARED_SELECTOR = YES;
				GCC_WARN_UNINITIALIZED_AUTOS = YES_AGGRESSIVE;
				GCC_WARN_UNUSED_FUNCTION = YES;
				GCC_WARN_UNUSED_VARIABLE = YES;
				IPHONEOS_DEPLOYMENT_TARGET = 7.1;
				ONLY_ACTIVE_ARCH = YES;
				SDKROOT = iphoneos;
			};
			name = Debug;
		};
		C9E11F9F18DDCB2B006AA9F8 /* Release */ = {
			isa = XCBuildConfiguration;
			buildSettings = {
				ALWAYS_SEARCH_USER_PATHS = NO;
				CLANG_CXX_LANGUAGE_STANDARD = "gnu++0x";
				CLANG_CXX_LIBRARY = "libc++";
				CLANG_ENABLE_MODULES = YES;
				CLANG_ENABLE_OBJC_ARC = YES;
				CLANG_WARN_BOOL_CONVERSION = YES;
				CLANG_WARN_CONSTANT_CONVERSION = YES;
				CLANG_WARN_DIRECT_OBJC_ISA_USAGE = YES_ERROR;
				CLANG_WARN_EMPTY_BODY = YES;
				CLANG_WARN_ENUM_CONVERSION = YES;
				CLANG_WARN_INT_CONVERSION = YES;
				CLANG_WARN_OBJC_ROOT_CLASS = YES_ERROR;
				CLANG_WARN__DUPLICATE_METHOD_MATCH = YES;
				"CODE_SIGN_IDENTITY[sdk=iphoneos*]" = "iPhone Developer";
				COPY_PHASE_STRIP = YES;
				ENABLE_NS_ASSERTIONS = NO;
				GCC_C_LANGUAGE_STANDARD = gnu99;
				GCC_WARN_64_TO_32_BIT_CONVERSION = YES;
				GCC_WARN_ABOUT_RETURN_TYPE = YES_ERROR;
				GCC_WARN_UNDECLARED_SELECTOR = YES;
				GCC_WARN_UNINITIALIZED_AUTOS = YES_AGGRESSIVE;
				GCC_WARN_UNUSED_FUNCTION = YES;
				GCC_WARN_UNUSED_VARIABLE = YES;
				IPHONEOS_DEPLOYMENT_TARGET = 7.1;
				SDKROOT = iphoneos;
				VALIDATE_PRODUCT = YES;
			};
			name = Release;
		};
		C9E11FA118DDCB2B006AA9F8 /* Debug */ = {
			isa = XCBuildConfiguration;
			buildSettings = {
				ASSETCATALOG_COMPILER_APPICON_NAME = AppIcon;
				ASSETCATALOG_COMPILER_LAUNCHIMAGE_NAME = LaunchImage;
				CODE_SIGN_IDENTITY = "iPhone Developer: Matt Bridges (QVSQ5PSATS)";
				GCC_PRECOMPILE_PREFIX_HEADER = YES;
				GCC_PREFIX_HEADER = "MashHack/MashHack-Prefix.pch";
				INFOPLIST_FILE = "MashHack/MashHack-Info.plist";
				IPHONEOS_DEPLOYMENT_TARGET = 7.0;
				PRODUCT_NAME = "$(TARGET_NAME)";
				PROVISIONING_PROFILE = "B4792ED1-3979-486D-940C-85DD7078CB6E";
				WRAPPER_EXTENSION = app;
			};
			name = Debug;
		};
		C9E11FA218DDCB2B006AA9F8 /* Release */ = {
			isa = XCBuildConfiguration;
			buildSettings = {
				ASSETCATALOG_COMPILER_APPICON_NAME = AppIcon;
				ASSETCATALOG_COMPILER_LAUNCHIMAGE_NAME = LaunchImage;
				CODE_SIGN_IDENTITY = "iPhone Developer: Matt Bridges (QVSQ5PSATS)";
				GCC_PRECOMPILE_PREFIX_HEADER = YES;
				GCC_PREFIX_HEADER = "MashHack/MashHack-Prefix.pch";
				INFOPLIST_FILE = "MashHack/MashHack-Info.plist";
				IPHONEOS_DEPLOYMENT_TARGET = 7.0;
				PRODUCT_NAME = "$(TARGET_NAME)";
				PROVISIONING_PROFILE = "B4792ED1-3979-486D-940C-85DD7078CB6E";
				WRAPPER_EXTENSION = app;
			};
			name = Release;
		};
		C9E11FA418DDCB2B006AA9F8 /* Debug */ = {
			isa = XCBuildConfiguration;
			buildSettings = {
				BUNDLE_LOADER = "$(BUILT_PRODUCTS_DIR)/MashHack.app/MashHack";
				FRAMEWORK_SEARCH_PATHS = (
					"$(SDKROOT)/Developer/Library/Frameworks",
					"$(inherited)",
					"$(DEVELOPER_FRAMEWORKS_DIR)",
				);
				GCC_PRECOMPILE_PREFIX_HEADER = YES;
				GCC_PREFIX_HEADER = "MashHack/MashHack-Prefix.pch";
				GCC_PREPROCESSOR_DEFINITIONS = (
					"DEBUG=1",
					"$(inherited)",
				);
				INFOPLIST_FILE = "MashHackTests/MashHackTests-Info.plist";
				PRODUCT_NAME = "$(TARGET_NAME)";
				TEST_HOST = "$(BUNDLE_LOADER)";
				WRAPPER_EXTENSION = xctest;
			};
			name = Debug;
		};
		C9E11FA518DDCB2B006AA9F8 /* Release */ = {
			isa = XCBuildConfiguration;
			buildSettings = {
				BUNDLE_LOADER = "$(BUILT_PRODUCTS_DIR)/MashHack.app/MashHack";
				FRAMEWORK_SEARCH_PATHS = (
					"$(SDKROOT)/Developer/Library/Frameworks",
					"$(inherited)",
					"$(DEVELOPER_FRAMEWORKS_DIR)",
				);
				GCC_PRECOMPILE_PREFIX_HEADER = YES;
				GCC_PREFIX_HEADER = "MashHack/MashHack-Prefix.pch";
				INFOPLIST_FILE = "MashHackTests/MashHackTests-Info.plist";
				PRODUCT_NAME = "$(TARGET_NAME)";
				TEST_HOST = "$(BUNDLE_LOADER)";
				WRAPPER_EXTENSION = xctest;
			};
			name = Release;
		};
/* End XCBuildConfiguration section */

/* Begin XCConfigurationList section */
		C9E11F6918DDCB2A006AA9F8 /* Build configuration list for PBXProject "MashHack" */ = {
			isa = XCConfigurationList;
			buildConfigurations = (
				C9E11F9E18DDCB2B006AA9F8 /* Debug */,
				C9E11F9F18DDCB2B006AA9F8 /* Release */,
			);
			defaultConfigurationIsVisible = 0;
			defaultConfigurationName = Release;
		};
		C9E11FA018DDCB2B006AA9F8 /* Build configuration list for PBXNativeTarget "MashHack" */ = {
			isa = XCConfigurationList;
			buildConfigurations = (
				C9E11FA118DDCB2B006AA9F8 /* Debug */,
				C9E11FA218DDCB2B006AA9F8 /* Release */,
			);
			defaultConfigurationIsVisible = 0;
			defaultConfigurationName = Release;
		};
		C9E11FA318DDCB2B006AA9F8 /* Build configuration list for PBXNativeTarget "MashHackTests" */ = {
			isa = XCConfigurationList;
			buildConfigurations = (
				C9E11FA418DDCB2B006AA9F8 /* Debug */,
				C9E11FA518DDCB2B006AA9F8 /* Release */,
			);
			defaultConfigurationIsVisible = 0;
			defaultConfigurationName = Release;
		};
/* End XCConfigurationList section */
	};
	rootObject = C9E11F6618DDCB2A006AA9F8 /* Project object */;
}
